
Microsoft Visual Studio Solution File, Format Version 12.00
# Visual Studio Version 17
VisualStudioVersion = 17.13.35828.75 d17.13
MinimumVisualStudioVersion = 10.0.40219.1
Project("{FAE04EC0-301F-11D3-BF4B-00C04F79EFBC}") = "Practica13", "Practica13.csproj", "{44957D27-1352-4F95-A854-396A924DC203}"
EndProject
Global
	GlobalSection(SolutionConfigurationPlatforms) = preSolution
		Debug|Any CPU = Debug|Any CPU
		Release|Any CPU = Release|Any CPU
	EndGlobalSection
	GlobalSection(ProjectConfigurationPlatforms) = postSolution
		{44957D27-1352-4F95-A854-396A924DC203}.Debug|Any CPU.ActiveCfg = Debug|Any CPU
		{44957D27-1352-4F95-A854-396A924DC203}.Debug|Any CPU.Build.0 = Debug|Any CPU
		{44957D27-1352-4F95-A854-396A924DC203}.Release|Any CPU.ActiveCfg = Release|Any CPU
		{44957D27-1352-4F95-A854-396A924DC203}.Release|Any CPU.Build.0 = Release|Any CPU
	EndGlobalSection
	GlobalSection(SolutionProperties) = preSolution
		HideSolutionNode = FALSE
	EndGlobalSection
	GlobalSection(ExtensibilityGlobals) = postSolution
		SolutionGuid = {0A1FFEDC-B812-4F03-9BF5-D4D07131A8A5}
	EndGlobalSection
EndGlobal
